// !$*UTF8*$!
{
	archiveVersion = 1;
	classes = {
	};
	objectVersion = 48;
	objects = {

/* Begin PBXBuildFile section */
		F547A4C92068BC0D00D54872 /* AppDelegate.swift in Sources */ = {isa = PBXBuildFile; fileRef = F547A4C82068BC0D00D54872 /* AppDelegate.swift */; };
		F547A4CB2068BC0D00D54872 /* ViewController.swift in Sources */ = {isa = PBXBuildFile; fileRef = F547A4CA2068BC0D00D54872 /* ViewController.swift */; };
		F547A4CE2068BC0D00D54872 /* Main.storyboard in Resources */ = {isa = PBXBuildFile; fileRef = F547A4CC2068BC0D00D54872 /* Main.storyboard */; };
		F547A4D02068BC0D00D54872 /* Assets.xcassets in Resources */ = {isa = PBXBuildFile; fileRef = F547A4CF2068BC0D00D54872 /* Assets.xcassets */; };
		F547A4D32068BC0D00D54872 /* LaunchScreen.storyboard in Resources */ = {isa = PBXBuildFile; fileRef = F547A4D12068BC0D00D54872 /* LaunchScreen.storyboard */; };
/* End PBXBuildFile section */

/* Begin PBXFileReference section */
		F547A4C52068BC0D00D54872 /* Taww.app */ = {isa = PBXFileReference; explicitFileType = wrapper.application; includeInIndex = 0; path = Taww.app; sourceTree = BUILT_PRODUCTS_DIR; };
		F547A4C82068BC0D00D54872 /* AppDelegate.swift */ = {isa = PBXFileReference; lastKnownFileType = sourcecode.swift; path = AppDelegate.swift; sourceTree = "<group>"; };
		F547A4CA2068BC0D00D54872 /* ViewController.swift */ = {isa = PBXFileReference; lastKnownFileType = sourcecode.swift; path = ViewController.swift; sourceTree = "<group>"; };
		F547A4CD2068BC0D00D54872 /* Base */ = {isa = PBXFileReference; lastKnownFileType = file.storyboard; name = Base; path = Base.lproj/Main.storyboard; sourceTree = "<group>"; };
		F547A4CF2068BC0D00D54872 /* Assets.xcassets */ = {isa = PBXFileReference; lastKnownFileType = folder.assetcatalog; path = Assets.xcassets; sourceTree = "<group>"; };
		F547A4D22068BC0D00D54872 /* Base */ = {isa = PBXFileReference; lastKnownFileType = file.storyboard; name = Base; path = Base.lproj/LaunchScreen.storyboard; sourceTree = "<group>"; };
		F547A4D42068BC0D00D54872 /* Info.plist */ = {isa = PBXFileReference; lastKnownFileType = text.plist.xml; path = Info.plist; sourceTree = "<group>"; };
/* End PBXFileReference section */

/* Begin PBXFrameworksBuildPhase section */
		F547A4C22068BC0D00D54872 /* Frameworks */ = {
			isa = PBXFrameworksBuildPhase;
			buildActionMask = 2147483647;
			files = (
			);
			runOnlyForDeploymentPostprocessing = 0;
		};
/* End PBXFrameworksBuildPhase section */

/* Begin PBXGroup section */
		F547A4BC2068BC0D00D54872 = {
			isa = PBXGroup;
			children = (
				F547A4C72068BC0D00D54872 /* Taww */,
				F547A4C62068BC0D00D54872 /* Products */,
			);
			sourceTree = "<group>";
		};
		F547A4C62068BC0D00D54872 /* Products */ = {
			isa = PBXGroup;
			children = (
				F547A4C52068BC0D00D54872 /* Taww.app */,
			);
			name = Products;
			sourceTree = "<group>";
		};
		F547A4C72068BC0D00D54872 /* Taww */ = {
			isa = PBXGroup;
			children = (
				F547A4C82068BC0D00D54872 /* AppDelegate.swift */,
				F547A4CA2068BC0D00D54872 /* ViewController.swift */,
				F547A4CC2068BC0D00D54872 /* Main.storyboard */,
				F547A4CF2068BC0D00D54872 /* Assets.xcassets */,
				F547A4D12068BC0D00D54872 /* LaunchScreen.storyboard */,
				F547A4D42068BC0D00D54872 /* Info.plist */,
			);
			path = Taww;
			sourceTree = "<group>";
		};
/* End PBXGroup section */

/* Begin PBXNativeTarget section */
		F547A4C42068BC0D00D54872 /* Taww */ = {
			isa = PBXNativeTarget;
			buildConfigurationList = F547A4D72068BC0D00D54872 /* Build configuration list for PBXNativeTarget "Taww" */;
			buildPhases = (
				F547A4C12068BC0D00D54872 /* Sources */,
				F547A4C22068BC0D00D54872 /* Frameworks */,
				F547A4C32068BC0D00D54872 /* Resources */,
			);
			buildRules = (
			);
			dependencies = (
			);
			name = Taww;
			productName = Taww;
			productReference = F547A4C52068BC0D00D54872 /* Taww.app */;
			productType = "com.apple.product-type.application";
		};
/* End PBXNativeTarget section */

/* Begin PBXProject section */
		F547A4BD2068BC0D00D54872 /* Project object */ = {
			isa = PBXProject;
			attributes = {
				LastSwiftUpdateCheck = 0920;
				LastUpgradeCheck = 0920;
				ORGANIZATIONNAME = D7703_27;
				TargetAttributes = {
					F547A4C42068BC0D00D54872 = {
						CreatedOnToolsVersion = 9.2;
						ProvisioningStyle = Automatic;
					};
				};
			};
			buildConfigurationList = F547A4C02068BC0D00D54872 /* Build configuration list for PBXProject "Taww" */;
			compatibilityVersion = "Xcode 8.0";
			developmentRegion = en;
			hasScannedForEncodings = 0;
			knownRegions = (
				en,
				Base,
			);
			mainGroup = F547A4BC2068BC0D00D54872;
			productRefGroup = F547A4C62068BC0D00D54872 /* Products */;
			projectDirPath = "";
			projectRoot = "";
			targets = (
				F547A4C42068BC0D00D54872 /* Taww */,
			);
		};
/* End PBXProject section */

/* Begin PBXResourcesBuildPhase section */
		F547A4C32068BC0D00D54872 /* Resources */ = {
			isa = PBXResourcesBuildPhase;
			buildActionMask = 2147483647;
			files = (
				F547A4D32068BC0D00D54872 /* LaunchScreen.storyboard in Resources */,
				F547A4D02068BC0D00D54872 /* Assets.xcassets in Resources */,
				F547A4CE2068BC0D00D54872 /* Main.storyboard in Resources */,
			);
			runOnlyForDeploymentPostprocessing = 0;
		};
/* End PBXResourcesBuildPhase section */

/* Begin PBXSourcesBuildPhase section */
		F547A4C12068BC0D00D54872 /* Sources */ = {
			isa = PBXSourcesBuildPhase;
			buildActionMask = 2147483647;
			files = (
				F547A4CB2068BC0D00D54872 /* ViewController.swift in Sources */,
				F547A4C92068BC0D00D54872 /* AppDelegate.swift in Sources */,
			);
			runOnlyForDeploymentPostprocessing = 0;
		};
/* End PBXSourcesBuildPhase section */

/* Begin PBXVariantGroup section */
		F547A4CC2068BC0D00D54872 /* Main.storyboard */ = {
			isa = PBXVariantGroup;
			children = (
				F547A4CD2068BC0D00D54872 /* Base */,
			);
			name = Main.storyboard;
			sourceTree = "<group>";
		};
		F547A4D12068BC0D00D54872 /* LaunchScreen.storyboard */ = {
			isa = PBXVariantGroup;
			children = (
				F547A4D22068BC0D00D54872 /* Base */,
			);
			name = LaunchScreen.storyboard;
			sourceTree = "<group>";
		};
/* End PBXVariantGroup section */

/* Begin XCBuildConfiguration section */
		F547A4D52068BC0D00D54872 /* Debug */ = {
			isa = XCBuildConfiguration;
			buildSettings = {
				ALWAYS_SEARCH_USER_PATHS = NO;
				CLANG_ANALYZER_NONNULL = YES;
				CLANG_ANALYZER_NUMBER_OBJECT_CONVERSION = YES_AGGRESSIVE;
				CLANG_CXX_LANGUAGE_STANDARD = "gnu++14";
				CLANG_CXX_LIBRARY = "libc++";
				CLANG_ENABLE_MODULES = YES;
				CLANG_ENABLE_OBJC_ARC = YES;
				CLANG_WARN_BLOCK_CAPTURE_AUTORELEASING = YES;
				CLANG_WARN_BOOL_CONVERSION = YES;
				CLANG_WARN_COMMA = YES;
				CLANG_WARN_CONSTANT_CONVERSION = YES;
				CLANG_WARN_DIRECT_OBJC_ISA_USAGE = YES_ERROR;
				CLANG_WARN_DOCUMENTATION_COMMENTS = YES;
				CLANG_WARN_EMPTY_BODY = YES;
				CLANG_WARN_ENUM_CONVERSION = YES;
				CLANG_WARN_INFINITE_RECURSION = YES;
				CLANG_WARN_INT_CONVERSION = YES;
				CLANG_WARN_NON_LITERAL_NULL_CONVERSION = YES;
				CLANG_WARN_OBJC_LITERAL_CONVERSION = YES;
				CLANG_WARN_OBJC_ROOT_CLASS = YES_ERROR;
				CLANG_WARN_RANGE_LOOP_ANALYSIS = YES;
				CLANG_WARN_STRICT_PROTOTYPES = YES;
				CLANG_WARN_SUSPICIOUS_MOVE = YES;
				CLANG_WARN_UNGUARDED_AVAILABILITY = YES_AGGRESSIVE;
				CLANG_WARN_UNREACHABLE_CODE = YES;
				CLANG_WARN__DUPLICATE_METHOD_MATCH = YES;
				CODE_SIGN_IDENTITY = "iPhone Developer";
				COPY_PHASE_STRIP = NO;
				DEBUG_INFORMATION_FORMAT = dwarf;
				ENABLE_STRICT_OBJC_MSGSEND = YES;
				ENABLE_TESTABILITY = YES;
				GCC_C_LANGUAGE_STANDARD = gnu11;
				GCC_DYNAMIC_NO_PIC = NO;
				GCC_NO_COMMON_BLOCKS = YES;
				GCC_OPTIMIZATION_LEVEL = 0;
				GCC_PREPROCESSOR_DEFINITIONS = (
					"DEBUG=1",
					"$(inherited)",
				);
				GCC_WARN_64_TO_32_BIT_CONVERSION = YES;
				GCC_WARN_ABOUT_RETURN_TYPE = YES_ERROR;
				GCC_WARN_UNDECLARED_SELECTOR = YES;
				GCC_WARN_UNINITIALIZED_AUTOS = YES_AGGRESSIVE;
				GCC_WARN_UNUSED_FUNCTION = YES;
				GCC_WARN_UNUSED_VARIABLE = YES;
				IPHONEOS_DEPLOYMENT_TARGET = 11.2;
				MTL_ENABLE_DEBUG_INFO = YES;
				ONLY_ACTIVE_ARCH = YES;
				SDKROOT = iphoneos;
				SWIFT_ACTIVE_COMPILATION_CONDITIONS = DEBUG;
				SWIFT_OPTIMIZATION_LEVEL = "-Onone";
			};
			name = Debug;
		};
		F547A4D62068BC0D00D54872 /* Release */ = {
			isa = XCBuildConfiguration;
			buildSettings = {
				ALWAYS_SEARCH_USER_PATHS = NO;
				CLANG_ANALYZER_NONNULL = YES;
				CLANG_ANALYZER_NUMBER_OBJECT_CONVERSION = YES_AGGRESSIVE;
				CLANG_CXX_LANGUAGE_STANDARD = "gnu++14";
				CLANG_CXX_LIBRARY = "libc++";
				CLANG_ENABLE_MODULES = YES;
				CLANG_ENABLE_OBJC_ARC = YES;
				CLANG_WARN_BLOCK_CAPTURE_AUTORELEASING = YES;
				CLANG_WARN_BOOL_CONVERSION = YES;
				CLANG_WARN_COMMA = YES;
				CLANG_WARN_CONSTANT_CONVERSION = YES;
				CLANG_WARN_DIRECT_OBJC_ISA_USAGE = YES_ERROR;
				CLANG_WARN_DOCUMENTATION_COMMENTS = YES;
				CLANG_WARN_EMPTY_BODY = YES;
				CLANG_WARN_ENUM_CONVERSION = YES;
				CLANG_WARN_INFINITE_RECURSION = YES;
				CLANG_WARN_INT_CONVERSION = YES;
				CLANG_WARN_NON_LITERAL_NULL_CONVERSION = YES;
				CLANG_WARN_OBJC_LITERAL_CONVERSION = YES;
				CLANG_WARN_OBJC_ROOT_CLASS = YES_ERROR;
				CLANG_WARN_RANGE_LOOP_ANALYSIS = YES;
				CLANG_WARN_STRICT_PROTOTYPES = YES;
				CLANG_WARN_SUSPICIOUS_MOVE = YES;
				CLANG_WARN_UNGUARDED_AVAILABILITY = YES_AGGRESSIVE;
				CLANG_WARN_UNREACHABLE_CODE = YES;
				CLANG_WARN__DUPLICATE_METHOD_MATCH = YES;
				CODE_SIGN_IDENTITY = "iPhone Developer";
				COPY_PHASE_STRIP = NO;
				DEBUG_INFORMATION_FORMAT = "dwarf-with-dsym";
				ENABLE_NS_ASSERTIONS = NO;
				ENABLE_STRICT_OBJC_MSGSEND = YES;
				GCC_C_LANGUAGE_STANDARD = gnu11;
				GCC_NO_COMMON_BLOCKS = YES;
				GCC_WARN_64_TO_32_BIT_CONVERSION = YES;
				GCC_WARN_ABOUT_RETURN_TYPE = YES_ERROR;
				GCC_WARN_UNDECLARED_SELECTOR = YES;
				GCC_WARN_UNINITIALIZED_AUTOS = YES_AGGRESSIVE;
				GCC_WARN_UNUSED_FUNCTION = YES;
				GCC_WARN_UNUSED_VARIABLE = YES;
				IPHONEOS_DEPLOYMENT_TARGET = 11.2;
				MTL_ENABLE_DEBUG_INFO = NO;
				SDKROOT = iphoneos;
				SWIFT_OPTIMIZATION_LEVEL = "-Owholemodule";
				VALIDATE_PRODUCT = YES;
			};
			name = Release;
		};
		F547A4D82068BC0D00D54872 /* Debug */ = {
			isa = XCBuildConfiguration;
			buildSettings = {
				ASSETCATALOG_COMPILER_APPICON_NAME = AppIcon;
				CODE_SIGN_STYLE = Automatic;
				INFOPLIST_FILE = Taww/Info.plist;
				LD_RUNPATH_SEARCH_PATHS = "$(inherited) @executable_path/Frameworks";
				PRODUCT_BUNDLE_IDENTIFIER = "-01750942.Taww";
				PRODUCT_NAME = "$(TARGET_NAME)";
				SWIFT_VERSION = 4.0;
				TARGETED_DEVICE_FAMILY = "1,2";
			};
			name = Debug;
		};
		F547A4D92068BC0D00D54872 /* Release */ = {
			isa = XCBuildConfiguration;
			buildSettings = {
				ASSETCATALOG_COMPILER_APPICON_NAME = AppIcon;
				CODE_SIGN_STYLE = Automatic;
				INFOPLIST_FILE = Taww/Info.plist;
				LD_RUNPATH_SEARCH_PATHS = "$(inherited) @executable_path/Frameworks";
				PRODUCT_BUNDLE_IDENTIFIER = "-01750942.Taww";
				PRODUCT_NAME = "$(TARGET_NAME)";
				SWIFT_VERSION = 4.0;
				TARGETED_DEVICE_FAMILY = "1,2";
			};
			name = Release;
		};
/* End XCBuildConfiguration section */

/* Begin XCConfigurationList section */
		F547A4C02068BC0D00D54872 /* Build configuration list for PBXProject "Taww" */ = {
			isa = XCConfigurationList;
			buildConfigurations = (
				F547A4D52068BC0D00D54872 /* Debug */,
				F547A4D62068BC0D00D54872 /* Release */,
			);
			defaultConfigurationIsVisible = 0;
			defaultConfigurationName = Release;
		};
		F547A4D72068BC0D00D54872 /* Build configuration list for PBXNativeTarget "Taww" */ = {
			isa = XCConfigurationList;
			buildConfigurations = (
				F547A4D82068BC0D00D54872 /* Debug */,
				F547A4D92068BC0D00D54872 /* Release */,
			);
			defaultConfigurationIsVisible = 0;
			defaultConfigurationName = Release;
		};
/* End XCConfigurationList section */
	};
	rootObject = F547A4BD2068BC0D00D54872 /* Project object */;
}
